// !$*UTF8*$!
{
	archiveVersion = 1;
	classes = {
	};
	objectVersion = 46;
	objects = {

/* Begin PBXBuildFile section */
		C2B22F8F1B4E055900F7AAE7 /* main.m in Sources */ = {isa = PBXBuildFile; fileRef = C2B22F8E1B4E055900F7AAE7 /* main.m */; };
		C2B22F921B4E055900F7AAE7 /* AppDelegate.m in Sources */ = {isa = PBXBuildFile; fileRef = C2B22F911B4E055900F7AAE7 /* AppDelegate.m */; };
		C2B22F941B4E055900F7AAE7 /* Test-Prefix.pch in Resources */ = {isa = PBXBuildFile; fileRef = C2B22F931B4E055900F7AAE7 /* Test-Prefix.pch */; };
		C2B22F961B4E055900F7AAE7 /* Images.xcassets in Resources */ = {isa = PBXBuildFile; fileRef = C2B22F951B4E055900F7AAE7 /* Images.xcassets */; };
		C2B22F991B4E055900F7AAE7 /* LaunchScreen.xib in Resources */ = {isa = PBXBuildFile; fileRef = C2B22F971B4E055900F7AAE7 /* LaunchScreen.xib */; };
		C2B22FA51B4E055900F7AAE7 /* TestTests.m in Sources */ = {isa = PBXBuildFile; fileRef = C2B22FA41B4E055900F7AAE7 /* TestTests.m */; };
/* End PBXBuildFile section */

/* Begin PBXContainerItemProxy section */
		C2B22F9F1B4E055900F7AAE7 /* PBXContainerItemProxy */ = {
			isa = PBXContainerItemProxy;
			containerPortal = C2B22F811B4E055900F7AAE7 /* Project object */;
			proxyType = 1;
			remoteGlobalIDString = C2B22F881B4E055900F7AAE7;
			remoteInfo = Test;
		};
/* End PBXContainerItemProxy section */

/* Begin PBXFileReference section */
		C2B22F891B4E055900F7AAE7 /* Test.app */ = {isa = PBXFileReference; explicitFileType = wrapper.application; includeInIndex = 0; path = Test.app; sourceTree = BUILT_PRODUCTS_DIR; };
		C2B22F8D1B4E055900F7AAE7 /* Info.plist */ = {isa = PBXFileReference; lastKnownFileType = text.plist.xml; path = Info.plist; sourceTree = "<group>"; };
		C2B22F8E1B4E055900F7AAE7 /* main.m */ = {isa = PBXFileReference; lastKnownFileType = sourcecode.c.objc; path = main.m; sourceTree = "<group>"; };
		C2B22F901B4E055900F7AAE7 /* AppDelegate.h */ = {isa = PBXFileReference; lastKnownFileType = sourcecode.c.h; path = AppDelegate.h; sourceTree = "<group>"; };
		C2B22F911B4E055900F7AAE7 /* AppDelegate.m */ = {isa = PBXFileReference; lastKnownFileType = sourcecode.c.objc; path = AppDelegate.m; sourceTree = "<group>"; };
		C2B22F931B4E055900F7AAE7 /* Test-Prefix.pch */ = {isa = PBXFileReference; lastKnownFileType = sourcecode.c.h; path = "Test-Prefix.pch"; sourceTree = "<group>"; };
		C2B22F951B4E055900F7AAE7 /* Images.xcassets */ = {isa = PBXFileReference; lastKnownFileType = folder.assetcatalog; path = Images.xcassets; sourceTree = "<group>"; };
		C2B22F981B4E055900F7AAE7 /* Base */ = {isa = PBXFileReference; lastKnownFileType = file.xib; name = Base; path = Base.lproj/LaunchScreen.xib; sourceTree = "<group>"; };
		C2B22F9E1B4E055900F7AAE7 /* TestTests.xctest */ = {isa = PBXFileReference; explicitFileType = wrapper.cfbundle; includeInIndex = 0; path = TestTests.xctest; sourceTree = BUILT_PRODUCTS_DIR; };
		C2B22FA31B4E055900F7AAE7 /* Info.plist */ = {isa = PBXFileReference; lastKnownFileType = text.plist.xml; path = Info.plist; sourceTree = "<group>"; };
		C2B22FA41B4E055900F7AAE7 /* TestTests.m */ = {isa = PBXFileReference; lastKnownFileType = sourcecode.c.objc; path = TestTests.m; sourceTree = "<group>"; };
/* End PBXFileReference section */

/* Begin PBXFrameworksBuildPhase section */
		C2B22F861B4E055900F7AAE7 /* Frameworks */ = {
			isa = PBXFrameworksBuildPhase;
			buildActionMask = 2147483647;
			files = (
			);
			runOnlyForDeploymentPostprocessing = 0;
		};
		C2B22F9B1B4E055900F7AAE7 /* Frameworks */ = {
			isa = PBXFrameworksBuildPhase;
			buildActionMask = 2147483647;
			files = (
			);
			runOnlyForDeploymentPostprocessing = 0;
		};
/* End PBXFrameworksBuildPhase section */

/* Begin PBXGroup section */
		C2B22F801B4E055900F7AAE7 = {
			isa = PBXGroup;
			children = (
				C2B22F8B1B4E055900F7AAE7 /* Test */,
				C2B22FA11B4E055900F7AAE7 /* TestTests */,
				C2B22F8A1B4E055900F7AAE7 /* Products */,
			);
			sourceTree = "<group>";
		};
		C2B22F8A1B4E055900F7AAE7 /* Products */ = {
			isa = PBXGroup;
			children = (
				C2B22F891B4E055900F7AAE7 /* Test.app */,
				C2B22F9E1B4E055900F7AAE7 /* TestTests.xctest */,
			);
			name = Products;
			sourceTree = "<group>";
		};
		C2B22F8B1B4E055900F7AAE7 /* Test */ = {
			isa = PBXGroup;
			children = (
				C2B22F901B4E055900F7AAE7 /* AppDelegate.h */,
				C2B22F911B4E055900F7AAE7 /* AppDelegate.m */,
				C2B22F931B4E055900F7AAE7 /* Test-Prefix.pch */,
				C2B22F951B4E055900F7AAE7 /* Images.xcassets */,
				C2B22F971B4E055900F7AAE7 /* LaunchScreen.xib */,
				C2B22F8C1B4E055900F7AAE7 /* Supporting Files */,
			);
			path = Test;
			sourceTree = "<group>";
		};
		C2B22F8C1B4E055900F7AAE7 /* Supporting Files */ = {
			isa = PBXGroup;
			children = (
				C2B22F8D1B4E055900F7AAE7 /* Info.plist */,
				C2B22F8E1B4E055900F7AAE7 /* main.m */,
			);
			name = "Supporting Files";
			sourceTree = "<group>";
		};
		C2B22FA11B4E055900F7AAE7 /* TestTests */ = {
			isa = PBXGroup;
			children = (
				C2B22FA41B4E055900F7AAE7 /* TestTests.m */,
				C2B22FA21B4E055900F7AAE7 /* Supporting Files */,
			);
			path = TestTests;
			sourceTree = "<group>";
		};
		C2B22FA21B4E055900F7AAE7 /* Supporting Files */ = {
			isa = PBXGroup;
			children = (
				C2B22FA31B4E055900F7AAE7 /* Info.plist */,
			);
			name = "Supporting Files";
			sourceTree = "<group>";
		};
/* End PBXGroup section */

/* Begin PBXNativeTarget section */
		C2B22F881B4E055900F7AAE7 /* Test */ = {
			isa = PBXNativeTarget;
			buildConfigurationList = C2B22FA81B4E055900F7AAE7 /* Build configuration list for PBXNativeTarget "Test" */;
			buildPhases = (
				C2B22F851B4E055900F7AAE7 /* Sources */,
				C2B22F861B4E055900F7AAE7 /* Frameworks */,
				C2B22F871B4E055900F7AAE7 /* Resources */,
			);
			buildRules = (
			);
			dependencies = (
			);
			name = Test;
			productName = Test;
			productReference = C2B22F891B4E055900F7AAE7 /* Test.app */;
			productType = "com.apple.product-type.application";
		};
		C2B22F9D1B4E055900F7AAE7 /* TestTests */ = {
			isa = PBXNativeTarget;
			buildConfigurationList = C2B22FAB1B4E055900F7AAE7 /* Build configuration list for PBXNativeTarget "TestTests" */;
			buildPhases = (
				C2B22F9A1B4E055900F7AAE7 /* Sources */,
				C2B22F9B1B4E055900F7AAE7 /* Frameworks */,
				C2B22F9C1B4E055900F7AAE7 /* Resources */,
			);
			buildRules = (
			);
			dependencies = (
				C2B22FA01B4E055900F7AAE7 /* PBXTargetDependency */,
			);
			name = TestTests;
			productName = TestTests;
			productReference = C2B22F9E1B4E055900F7AAE7 /* TestTests.xctest */;
			productType = "com.apple.product-type.bundle.unit-test";
		};
/* End PBXNativeTarget section */

/* Begin PBXProject section */
		C2B22F811B4E055900F7AAE7 /* Project object */ = {
			isa = PBXProject;
			attributes = {
				LastUpgradeCheck = 0600;
				ORGANIZATIONNAME = "文书轩";
				TargetAttributes = {
					C2B22F881B4E055900F7AAE7 = {
						CreatedOnToolsVersion = 6.0.1;
					};
					C2B22F9D1B4E055900F7AAE7 = {
						CreatedOnToolsVersion = 6.0.1;
						TestTargetID = C2B22F881B4E055900F7AAE7;
					};
				};
			};
			buildConfigurationList = C2B22F841B4E055900F7AAE7 /* Build configuration list for PBXProject "Test" */;
			compatibilityVersion = "Xcode 3.2";
			developmentRegion = English;
			hasScannedForEncodings = 0;
			knownRegions = (
				en,
				Base,
			);
			mainGroup = C2B22F801B4E055900F7AAE7;
			productRefGroup = C2B22F8A1B4E055900F7AAE7 /* Products */;
			projectDirPath = "";
			projectRoot = "";
			targets = (
				C2B22F881B4E055900F7AAE7 /* Test */,
				C2B22F9D1B4E055900F7AAE7 /* TestTests */,
			);
		};
/* End PBXProject section */

/* Begin PBXResourcesBuildPhase section */
		C2B22F871B4E055900F7AAE7 /* Resources */ = {
			isa = PBXResourcesBuildPhase;
			buildActionMask = 2147483647;
			files = (
				C2B22F941B4E055900F7AAE7 /* Test-Prefix.pch in Resources */,
				C2B22F991B4E055900F7AAE7 /* LaunchScreen.xib in Resources */,
				C2B22F961B4E055900F7AAE7 /* Images.xcassets in Resources */,
			);
			runOnlyForDeploymentPostprocessing = 0;
		};
		C2B22F9C1B4E055900F7AAE7 /* Resources */ = {
			isa = PBXResourcesBuildPhase;
			buildActionMask = 2147483647;
			files = (
			);
			runOnlyForDeploymentPostprocessing = 0;
		};
/* End PBXResourcesBuildPhase section */

/* Begin PBXSourcesBuildPhase section */
		C2B22F851B4E055900F7AAE7 /* Sources */ = {
			isa = PBXSourcesBuildPhase;
			buildActionMask = 2147483647;
			files = (
				C2B22F921B4E055900F7AAE7 /* AppDelegate.m in Sources */,
				C2B22F8F1B4E055900F7AAE7 /* main.m in Sources */,
			);
			runOnlyForDeploymentPostprocessing = 0;
		};
		C2B22F9A1B4E055900F7AAE7 /* Sources */ = {
			isa = PBXSourcesBuildPhase;
			buildActionMask = 2147483647;
			files = (
				C2B22FA51B4E055900F7AAE7 /* TestTests.m in Sources */,
			);
			runOnlyForDeploymentPostprocessing = 0;
		};
/* End PBXSourcesBuildPhase section */

/* Begin PBXTargetDependency section */
		C2B22FA01B4E055900F7AAE7 /* PBXTargetDependency */ = {
			isa = PBXTargetDependency;
			target = C2B22F881B4E055900F7AAE7 /* Test */;
			targetProxy = C2B22F9F1B4E055900F7AAE7 /* PBXContainerItemProxy */;
		};
/* End PBXTargetDependency section */

/* Begin PBXVariantGroup section */
		C2B22F971B4E055900F7AAE7 /* LaunchScreen.xib */ = {
			isa = PBXVariantGroup;
			children = (
				C2B22F981B4E055900F7AAE7 /* Base */,
			);
			name = LaunchScreen.xib;
			sourceTree = "<group>";
		};
/* End PBXVariantGroup section */

/* Begin XCBuildConfiguration section */
		C2B22FA61B4E055900F7AAE7 /* Debug */ = {
			isa = XCBuildConfiguration;
			buildSettings = {
				ALWAYS_SEARCH_USER_PATHS = NO;
				CLANG_CXX_LANGUAGE_STANDARD = "gnu++0x";
				CLANG_CXX_LIBRARY = "libc++";
				CLANG_ENABLE_MODULES = YES;
				CLANG_ENABLE_OBJC_ARC = YES;
				CLANG_WARN_BOOL_CONVERSION = YES;
				CLANG_WARN_CONSTANT_CONVERSION = YES;
				CLANG_WARN_DIRECT_OBJC_ISA_USAGE = YES_ERROR;
				CLANG_WARN_EMPTY_BODY = YES;
				CLANG_WARN_ENUM_CONVERSION = YES;
				CLANG_WARN_INT_CONVERSION = YES;
				CLANG_WARN_OBJC_ROOT_CLASS = YES_ERROR;
				CLANG_WARN_UNREACHABLE_CODE = YES;
				CLANG_WARN__DUPLICATE_METHOD_MATCH = YES;
				"CODE_SIGN_IDENTITY[sdk=iphoneos*]" = "iPhone Developer";
				COPY_PHASE_STRIP = NO;
				ENABLE_STRICT_OBJC_MSGSEND = YES;
				GCC_C_LANGUAGE_STANDARD = gnu99;
				GCC_DYNAMIC_NO_PIC = NO;
				GCC_OPTIMIZATION_LEVEL = 0;
				GCC_PREPROCESSOR_DEFINITIONS = (
					"DEBUG=1",
					"$(inherited)",
				);
				GCC_SYMBOLS_PRIVATE_EXTERN = NO;
				GCC_WARN_64_TO_32_BIT_CONVERSION = YES;
				GCC_WARN_ABOUT_RETURN_TYPE = YES_ERROR;
				GCC_WARN_UNDECLARED_SELECTOR = YES;
				GCC_WARN_UNINITIALIZED_AUTOS = YES_AGGRESSIVE;
				GCC_WARN_UNUSED_FUNCTION = YES;
				GCC_WARN_UNUSED_VARIABLE = YES;
				IPHONEOS_DEPLOYMENT_TARGET = 8.0;
				MTL_ENABLE_DEBUG_INFO = YES;
				ONLY_ACTIVE_ARCH = YES;
				SDKROOT = iphoneos;
				TARGETED_DEVICE_FAMILY = "1,2";
			};
			name = Debug;
		};
		C2B22FA71B4E055900F7AAE7 /* Release */ = {
			isa = XCBuildConfiguration;
			buildSettings = {
				ALWAYS_SEARCH_USER_PATHS = NO;
				CLANG_CXX_LANGUAGE_STANDARD = "gnu++0x";
				CLANG_CXX_LIBRARY = "libc++";
				CLANG_ENABLE_MODULES = YES;
				CLANG_ENABLE_OBJC_ARC = YES;
				CLANG_WARN_BOOL_CONVERSION = YES;
				CLANG_WARN_CONSTANT_CONVERSION = YES;
				CLANG_WARN_DIRECT_OBJC_ISA_USAGE = YES_ERROR;
				CLANG_WARN_EMPTY_BODY = YES;
				CLANG_WARN_ENUM_CONVERSION = YES;
				CLANG_WARN_INT_CONVERSION = YES;
				CLANG_WARN_OBJC_ROOT_CLASS = YES_ERROR;
				CLANG_WARN_UNREACHABLE_CODE = YES;
				CLANG_WARN__DUPLICATE_METHOD_MATCH = YES;
				"CODE_SIGN_IDENTITY[sdk=iphoneos*]" = "iPhone Developer";
				COPY_PHASE_STRIP = YES;
				ENABLE_NS_ASSERTIONS = NO;
				ENABLE_STRICT_OBJC_MSGSEND = YES;
				GCC_C_LANGUAGE_STANDARD = gnu99;
				GCC_WARN_64_TO_32_BIT_CONVERSION = YES;
				GCC_WARN_ABOUT_RETURN_TYPE = YES_ERROR;
				GCC_WARN_UNDECLARED_SELECTOR = YES;
				GCC_WARN_UNINITIALIZED_AUTOS = YES_AGGRESSIVE;
				GCC_WARN_UNUSED_FUNCTION = YES;
				GCC_WARN_UNUSED_VARIABLE = YES;
				IPHONEOS_DEPLOYMENT_TARGET = 8.0;
				MTL_ENABLE_DEBUG_INFO = NO;
				SDKROOT = iphoneos;
				TARGETED_DEVICE_FAMILY = "1,2";
				VALIDATE_PRODUCT = YES;
			};
			name = Release;
		};
		C2B22FA91B4E055900F7AAE7 /* Debug */ = {
			isa = XCBuildConfiguration;
			buildSettings = {
				ASSETCATALOG_COMPILER_APPICON_NAME = AppIcon;
				INFOPLIST_FILE = Test/Info.plist;
				LD_RUNPATH_SEARCH_PATHS = "$(inherited) @executable_path/Frameworks";
				PRODUCT_NAME = "$(TARGET_NAME)";
			};
			name = Debug;
		};
		C2B22FAA1B4E055900F7AAE7 /* Release */ = {
			isa = XCBuildConfiguration;
			buildSettings = {
				ASSETCATALOG_COMPILER_APPICON_NAME = AppIcon;
				INFOPLIST_FILE = Test/Info.plist;
				LD_RUNPATH_SEARCH_PATHS = "$(inherited) @executable_path/Frameworks";
				PRODUCT_NAME = "$(TARGET_NAME)";
			};
			name = Release;
		};
		C2B22FAC1B4E055900F7AAE7 /* Debug */ = {
			isa = XCBuildConfiguration;
			buildSettings = {
				BUNDLE_LOADER = "$(TEST_HOST)";
				FRAMEWORK_SEARCH_PATHS = (
					"$(SDKROOT)/Developer/Library/Frameworks",
					"$(inherited)",
				);
				GCC_PREPROCESSOR_DEFINITIONS = (
					"DEBUG=1",
					"$(inherited)",
				);
				INFOPLIST_FILE = TestTests/Info.plist;
				LD_RUNPATH_SEARCH_PATHS = "$(inherited) @executable_path/Frameworks @loader_path/Frameworks";
				PRODUCT_NAME = "$(TARGET_NAME)";
				TEST_HOST = "$(BUILT_PRODUCTS_DIR)/Test.app/Test";
			};
			name = Debug;
		};
		C2B22FAD1B4E055900F7AAE7 /* Release */ = {
			isa = XCBuildConfiguration;
			buildSettings = {
				BUNDLE_LOADER = "$(TEST_HOST)";
				FRAMEWORK_SEARCH_PATHS = (
					"$(SDKROOT)/Developer/Library/Frameworks",
					"$(inherited)",
				);
				INFOPLIST_FILE = TestTests/Info.plist;
				LD_RUNPATH_SEARCH_PATHS = "$(inherited) @executable_path/Frameworks @loader_path/Frameworks";
				PRODUCT_NAME = "$(TARGET_NAME)";
				TEST_HOST = "$(BUILT_PRODUCTS_DIR)/Test.app/Test";
			};
			name = Release;
		};
/* End XCBuildConfiguration section */

/* Begin XCConfigurationList section */
		C2B22F841B4E055900F7AAE7 /* Build configuration list for PBXProject "Test" */ = {
			isa = XCConfigurationList;
			buildConfigurations = (
				C2B22FA61B4E055900F7AAE7 /* Debug */,
				C2B22FA71B4E055900F7AAE7 /* Release */,
			);
			defaultConfigurationIsVisible = 0;
			defaultConfigurationName = Release;
		};
		C2B22FA81B4E055900F7AAE7 /* Build configuration list for PBXNativeTarget "Test" */ = {
			isa = XCConfigurationList;
			buildConfigurations = (
				C2B22FA91B4E055900F7AAE7 /* Debug */,
				C2B22FAA1B4E055900F7AAE7 /* Release */,
			);
			defaultConfigurationIsVisible = 0;
		};
		C2B22FAB1B4E055900F7AAE7 /* Build configuration list for PBXNativeTarget "TestTests" */ = {
			isa = XCConfigurationList;
			buildConfigurations = (
				C2B22FAC1B4E055900F7AAE7 /* Debug */,
				C2B22FAD1B4E055900F7AAE7 /* Release */,
			);
			defaultConfigurationIsVisible = 0;
		};
/* End XCConfigurationList section */
	};
	rootObject = C2B22F811B4E055900F7AAE7 /* Project object */;
}
